
Microsoft Visual Studio Solution File, Format Version 12.00
# Visual Studio 2012
Project("{FAE04EC0-301F-11D3-BF4B-00C04F79EFBC}") = "FunctionResult", "FunctionResult\FunctionResult.csproj", "{9687FA63-1ECC-4165-ABA0-53F8252EE694}"
EndProject
Project("{FAE04EC0-301F-11D3-BF4B-00C04F79EFBC}") = "FunctionResult.Tests", "FunctionResult.Tests\FunctionResult.Tests.csproj", "{58606A0A-E871-4632-8BBF-BB0A26C044DA}"
EndProject
Global
	GlobalSection(SolutionConfigurationPlatforms) = preSolution
		Debug|Any CPU = Debug|Any CPU
		Release|Any CPU = Release|Any CPU
	EndGlobalSection
	GlobalSection(ProjectConfigurationPlatforms) = postSolution
		{9687FA63-1ECC-4165-ABA0-53F8252EE694}.Debug|Any CPU.ActiveCfg = Debug|Any CPU
		{9687FA63-1ECC-4165-ABA0-53F8252EE694}.Debug|Any CPU.Build.0 = Debug|Any CPU
		{9687FA63-1ECC-4165-ABA0-53F8252EE694}.Release|Any CPU.ActiveCfg = Release|Any CPU
		{9687FA63-1ECC-4165-ABA0-53F8252EE694}.Release|Any CPU.Build.0 = Release|Any CPU
		{58606A0A-E871-4632-8BBF-BB0A26C044DA}.Debug|Any CPU.ActiveCfg = Debug|Any CPU
		{58606A0A-E871-4632-8BBF-BB0A26C044DA}.Debug|Any CPU.Build.0 = Debug|Any CPU
		{58606A0A-E871-4632-8BBF-BB0A26C044DA}.Release|Any CPU.ActiveCfg = Release|Any CPU
		{58606A0A-E871-4632-8BBF-BB0A26C044DA}.Release|Any CPU.Build.0 = Release|Any CPU
	EndGlobalSection
	GlobalSection(SolutionProperties) = preSolution
		HideSolutionNode = FALSE
	EndGlobalSection
EndGlobal
